
Microsoft Visual Studio Solution File, Format Version 12.00
# Visual Studio Version 17
VisualStudioVersion = 17.8.34330.188
MinimumVisualStudioVersion = 10.0.40219.1
Project("{FAE04EC0-301F-11D3-BF4B-00C04F79EFBC}") = "SalesWebMvc", "SalesWebMvc\SalesWebMvc.csproj", "{00CF3713-1EA0-42CA-84CA-1E90BF80241A}"
EndProject
Global
	GlobalSection(SolutionConfigurationPlatforms) = preSolution
		Debug|Any CPU = Debug|Any CPU
		Release|Any CPU = Release|Any CPU
	EndGlobalSection
	GlobalSection(ProjectConfigurationPlatforms) = postSolution
		{00CF3713-1EA0-42CA-84CA-1E90BF80241A}.Debug|Any CPU.ActiveCfg = Debug|Any CPU
		{00CF3713-1EA0-42CA-84CA-1E90BF80241A}.Debug|Any CPU.Build.0 = Debug|Any CPU
		{00CF3713-1EA0-42CA-84CA-1E90BF80241A}.Release|Any CPU.ActiveCfg = Release|Any CPU
		{00CF3713-1EA0-42CA-84CA-1E90BF80241A}.Release|Any CPU.Build.0 = Release|Any CPU
	EndGlobalSection
	GlobalSection(SolutionProperties) = preSolution
		HideSolutionNode = FALSE
	EndGlobalSection
	GlobalSection(ExtensibilityGlobals) = postSolution
		SolutionGuid = {ADD26195-1170-4789-87B3-03F372A594EC}
	EndGlobalSection
EndGlobal
