
Microsoft Visual Studio Solution File, Format Version 12.00
# Visual Studio Version 17
VisualStudioVersion = 17.5.002.0
MinimumVisualStudioVersion = 10.0.40219.1
Project("{9A19103F-16F7-4668-BE54-9A1E7A4F7556}") = "Ex9", "Ex9.csproj", "{DA8E96D6-0E10-4E95-996D-E5C42963FC99}"
EndProject
Global
	GlobalSection(SolutionConfigurationPlatforms) = preSolution
		Debug|Any CPU = Debug|Any CPU
		Release|Any CPU = Release|Any CPU
	EndGlobalSection
	GlobalSection(ProjectConfigurationPlatforms) = postSolution
		{DA8E96D6-0E10-4E95-996D-E5C42963FC99}.Debug|Any CPU.ActiveCfg = Debug|Any CPU
		{DA8E96D6-0E10-4E95-996D-E5C42963FC99}.Debug|Any CPU.Build.0 = Debug|Any CPU
		{DA8E96D6-0E10-4E95-996D-E5C42963FC99}.Release|Any CPU.ActiveCfg = Release|Any CPU
		{DA8E96D6-0E10-4E95-996D-E5C42963FC99}.Release|Any CPU.Build.0 = Release|Any CPU
	EndGlobalSection
	GlobalSection(SolutionProperties) = preSolution
		HideSolutionNode = FALSE
	EndGlobalSection
	GlobalSection(ExtensibilityGlobals) = postSolution
		SolutionGuid = {13086E2A-9D66-4F80-9BC7-47C95560A48C}
	EndGlobalSection
EndGlobal
